
Microsoft Visual Studio Solution File, Format Version 12.00
# Visual Studio Version 17
VisualStudioVersion = 17.0.31903.59
MinimumVisualStudioVersion = 10.0.40219.1
Project("{2150E333-8FDC-42A3-9474-1A3956D46DE8}") = "src", "src", "{79340958-3433-4BBB-A09F-E09439EC587A}"
EndProject
Project("{9A19103F-16F7-4668-BE54-9A1E7A4F7556}") = "Kambam.Domain", "src\Kambam.Domain\Kambam.Domain.csproj", "{C18F24B1-73F7-48E5-B927-900D6DBD5A57}"
EndProject
Project("{9A19103F-16F7-4668-BE54-9A1E7A4F7556}") = "Kambam.Infra", "src\Kambam.Infra\Kambam.Infra.csproj", "{8F141817-7282-4979-A04D-2103A39C1F4B}"
EndProject
Project("{9A19103F-16F7-4668-BE54-9A1E7A4F7556}") = "Kambam.API", "src\Kambam.API\Kambam.API.csproj", "{B61D80A0-D6F2-4510-8E92-B0E128F12A68}"
EndProject
Project("{9A19103F-16F7-4668-BE54-9A1E7A4F7556}") = "Kambam.Service", "src\Kambam.Service\Kambam.Service.csproj", "{AB0077B6-D2A6-4C22-8FA3-333EA33F2597}"
EndProject
Project("{9A19103F-16F7-4668-BE54-9A1E7A4F7556}") = "Kambam.Tests", "src\Kambam.Tests\Kambam.Tests.csproj", "{D2092A88-4798-4330-89E2-90C954BF51C6}"
EndProject
Project("{E53339B2-1760-4266-BCC7-CA923CBCF16C}") = "docker-compose", "docker-compose.dcproj", "{CE153FD6-1514-40E5-A90E-EC2894A5DAAD}"
EndProject
Global
	GlobalSection(SolutionConfigurationPlatforms) = preSolution
		Debug|Any CPU = Debug|Any CPU
		Release|Any CPU = Release|Any CPU
	EndGlobalSection
	GlobalSection(ProjectConfigurationPlatforms) = postSolution
		{C18F24B1-73F7-48E5-B927-900D6DBD5A57}.Debug|Any CPU.ActiveCfg = Debug|Any CPU
		{C18F24B1-73F7-48E5-B927-900D6DBD5A57}.Debug|Any CPU.Build.0 = Debug|Any CPU
		{C18F24B1-73F7-48E5-B927-900D6DBD5A57}.Release|Any CPU.ActiveCfg = Release|Any CPU
		{C18F24B1-73F7-48E5-B927-900D6DBD5A57}.Release|Any CPU.Build.0 = Release|Any CPU
		{8F141817-7282-4979-A04D-2103A39C1F4B}.Debug|Any CPU.ActiveCfg = Debug|Any CPU
		{8F141817-7282-4979-A04D-2103A39C1F4B}.Debug|Any CPU.Build.0 = Debug|Any CPU
		{8F141817-7282-4979-A04D-2103A39C1F4B}.Release|Any CPU.ActiveCfg = Release|Any CPU
		{8F141817-7282-4979-A04D-2103A39C1F4B}.Release|Any CPU.Build.0 = Release|Any CPU
		{B61D80A0-D6F2-4510-8E92-B0E128F12A68}.Debug|Any CPU.ActiveCfg = Debug|Any CPU
		{B61D80A0-D6F2-4510-8E92-B0E128F12A68}.Debug|Any CPU.Build.0 = Debug|Any CPU
		{B61D80A0-D6F2-4510-8E92-B0E128F12A68}.Release|Any CPU.ActiveCfg = Release|Any CPU
		{B61D80A0-D6F2-4510-8E92-B0E128F12A68}.Release|Any CPU.Build.0 = Release|Any CPU
		{AB0077B6-D2A6-4C22-8FA3-333EA33F2597}.Debug|Any CPU.ActiveCfg = Debug|Any CPU
		{AB0077B6-D2A6-4C22-8FA3-333EA33F2597}.Debug|Any CPU.Build.0 = Debug|Any CPU
		{AB0077B6-D2A6-4C22-8FA3-333EA33F2597}.Release|Any CPU.ActiveCfg = Release|Any CPU
		{AB0077B6-D2A6-4C22-8FA3-333EA33F2597}.Release|Any CPU.Build.0 = Release|Any CPU
		{D2092A88-4798-4330-89E2-90C954BF51C6}.Debug|Any CPU.ActiveCfg = Debug|Any CPU
		{D2092A88-4798-4330-89E2-90C954BF51C6}.Debug|Any CPU.Build.0 = Debug|Any CPU
		{D2092A88-4798-4330-89E2-90C954BF51C6}.Release|Any CPU.ActiveCfg = Release|Any CPU
		{D2092A88-4798-4330-89E2-90C954BF51C6}.Release|Any CPU.Build.0 = Release|Any CPU
		{CE153FD6-1514-40E5-A90E-EC2894A5DAAD}.Debug|Any CPU.ActiveCfg = Debug|Any CPU
		{CE153FD6-1514-40E5-A90E-EC2894A5DAAD}.Debug|Any CPU.Build.0 = Debug|Any CPU
		{CE153FD6-1514-40E5-A90E-EC2894A5DAAD}.Release|Any CPU.ActiveCfg = Release|Any CPU
		{CE153FD6-1514-40E5-A90E-EC2894A5DAAD}.Release|Any CPU.Build.0 = Release|Any CPU
	EndGlobalSection
	GlobalSection(SolutionProperties) = preSolution
		HideSolutionNode = FALSE
	EndGlobalSection
	GlobalSection(NestedProjects) = preSolution
		{C18F24B1-73F7-48E5-B927-900D6DBD5A57} = {79340958-3433-4BBB-A09F-E09439EC587A}
		{8F141817-7282-4979-A04D-2103A39C1F4B} = {79340958-3433-4BBB-A09F-E09439EC587A}
		{B61D80A0-D6F2-4510-8E92-B0E128F12A68} = {79340958-3433-4BBB-A09F-E09439EC587A}
		{AB0077B6-D2A6-4C22-8FA3-333EA33F2597} = {79340958-3433-4BBB-A09F-E09439EC587A}
		{D2092A88-4798-4330-89E2-90C954BF51C6} = {79340958-3433-4BBB-A09F-E09439EC587A}
	EndGlobalSection
	GlobalSection(ExtensibilityGlobals) = postSolution
		SolutionGuid = {9FBC40D1-FF3E-4794-945F-96672E450FF6}
	EndGlobalSection
EndGlobal
